
Microsoft Visual Studio Solution File, Format Version 12.00
# Visual Studio Version 16
VisualStudioVersion = 16.0.30413.136
MinimumVisualStudioVersion = 10.0.40219.1
Project("{FAE04EC0-301F-11D3-BF4B-00C04F79EFBC}") = "ConsoleApp2", "ConsoleApp2\ConsoleApp2.csproj", "{F56F6A73-5196-469C-8188-0B50692673C0}"
EndProject
Global
	GlobalSection(SolutionConfigurationPlatforms) = preSolution
		Debug|Any CPU = Debug|Any CPU
		Release|Any CPU = Release|Any CPU
	EndGlobalSection
	GlobalSection(ProjectConfigurationPlatforms) = postSolution
		{F56F6A73-5196-469C-8188-0B50692673C0}.Debug|Any CPU.ActiveCfg = Debug|Any CPU
		{F56F6A73-5196-469C-8188-0B50692673C0}.Debug|Any CPU.Build.0 = Debug|Any CPU
		{F56F6A73-5196-469C-8188-0B50692673C0}.Release|Any CPU.ActiveCfg = Release|Any CPU
		{F56F6A73-5196-469C-8188-0B50692673C0}.Release|Any CPU.Build.0 = Release|Any CPU
	EndGlobalSection
	GlobalSection(SolutionProperties) = preSolution
		HideSolutionNode = FALSE
	EndGlobalSection
	GlobalSection(ExtensibilityGlobals) = postSolution
		SolutionGuid = {F49468B5-E39A-4B23-AB0A-7332B364D81D}
	EndGlobalSection
EndGlobal
